
Microsoft Visual Studio Solution File, Format Version 12.00
# Visual Studio 2015
Project("{FAE04EC0-301F-11D3-BF4B-00C04F79EFBC}") = "IdleDataMiner.Plugins", "IdleDataMiner.Plugins.csproj", "{6333117D-38EF-A9F8-4172-0DA339F8266C}"
EndProject
Project("{FAE04EC0-301F-11D3-BF4B-00C04F79EFBC}") = "IdleDataMiner", "IdleDataMiner.csproj", "{469CCA31-6720-9A55-7C2D-C48BC254DAE1}"
EndProject
Project("{FAE04EC0-301F-11D3-BF4B-00C04F79EFBC}") = "IdleDataMiner.Editor.Plugins", "IdleDataMiner.Editor.Plugins.csproj", "{4037201B-7577-9B6C-61C9-64A0CE57877A}"
EndProject
Global
	GlobalSection(SolutionConfigurationPlatforms) = preSolution
		Debug|Any CPU = Debug|Any CPU
		Release|Any CPU = Release|Any CPU
	EndGlobalSection
	GlobalSection(ProjectConfigurationPlatforms) = postSolution
		{6333117D-38EF-A9F8-4172-0DA339F8266C}.Debug|Any CPU.ActiveCfg = Debug|Any CPU
		{6333117D-38EF-A9F8-4172-0DA339F8266C}.Debug|Any CPU.Build.0 = Debug|Any CPU
		{6333117D-38EF-A9F8-4172-0DA339F8266C}.Release|Any CPU.ActiveCfg = Release|Any CPU
		{6333117D-38EF-A9F8-4172-0DA339F8266C}.Release|Any CPU.Build.0 = Release|Any CPU
		{469CCA31-6720-9A55-7C2D-C48BC254DAE1}.Debug|Any CPU.ActiveCfg = Debug|Any CPU
		{469CCA31-6720-9A55-7C2D-C48BC254DAE1}.Debug|Any CPU.Build.0 = Debug|Any CPU
		{469CCA31-6720-9A55-7C2D-C48BC254DAE1}.Release|Any CPU.ActiveCfg = Release|Any CPU
		{469CCA31-6720-9A55-7C2D-C48BC254DAE1}.Release|Any CPU.Build.0 = Release|Any CPU
		{4037201B-7577-9B6C-61C9-64A0CE57877A}.Debug|Any CPU.ActiveCfg = Debug|Any CPU
		{4037201B-7577-9B6C-61C9-64A0CE57877A}.Debug|Any CPU.Build.0 = Debug|Any CPU
		{4037201B-7577-9B6C-61C9-64A0CE57877A}.Release|Any CPU.ActiveCfg = Release|Any CPU
		{4037201B-7577-9B6C-61C9-64A0CE57877A}.Release|Any CPU.Build.0 = Release|Any CPU
	EndGlobalSection
	GlobalSection(SolutionProperties) = preSolution
		HideSolutionNode = FALSE
	EndGlobalSection
EndGlobal
